
Microsoft Visual Studio Solution File, Format Version 12.00
# Visual Studio Version 17
VisualStudioVersion = 17.5.33516.290
MinimumVisualStudioVersion = 10.0.40219.1
Project("{9A19103F-16F7-4668-BE54-9A1E7A4F7556}") = "FormiWebshop.Server", "FormiWebshop\Server\FormiWebshop.Server.csproj", "{276E4A2C-E77D-4E17-AD0A-9E6C9EE4469E}"
EndProject
Project("{9A19103F-16F7-4668-BE54-9A1E7A4F7556}") = "FormiWebshop.Client", "FormiWebshop\Client\FormiWebshop.Client.csproj", "{ABCD67BC-8E58-4D65-B23C-E06185B04735}"
EndProject
Project("{9A19103F-16F7-4668-BE54-9A1E7A4F7556}") = "FormiWebshop.Shared", "FormiWebshop\Shared\FormiWebshop.Shared.csproj", "{6CD27974-7262-4059-8EB6-1F8BF136E269}"
EndProject
Global
	GlobalSection(SolutionConfigurationPlatforms) = preSolution
		Debug|Any CPU = Debug|Any CPU
		Release|Any CPU = Release|Any CPU
	EndGlobalSection
	GlobalSection(ProjectConfigurationPlatforms) = postSolution
		{276E4A2C-E77D-4E17-AD0A-9E6C9EE4469E}.Debug|Any CPU.ActiveCfg = Debug|Any CPU
		{276E4A2C-E77D-4E17-AD0A-9E6C9EE4469E}.Debug|Any CPU.Build.0 = Debug|Any CPU
		{276E4A2C-E77D-4E17-AD0A-9E6C9EE4469E}.Release|Any CPU.ActiveCfg = Release|Any CPU
		{276E4A2C-E77D-4E17-AD0A-9E6C9EE4469E}.Release|Any CPU.Build.0 = Release|Any CPU
		{ABCD67BC-8E58-4D65-B23C-E06185B04735}.Debug|Any CPU.ActiveCfg = Debug|Any CPU
		{ABCD67BC-8E58-4D65-B23C-E06185B04735}.Debug|Any CPU.Build.0 = Debug|Any CPU
		{ABCD67BC-8E58-4D65-B23C-E06185B04735}.Release|Any CPU.ActiveCfg = Release|Any CPU
		{ABCD67BC-8E58-4D65-B23C-E06185B04735}.Release|Any CPU.Build.0 = Release|Any CPU
		{6CD27974-7262-4059-8EB6-1F8BF136E269}.Debug|Any CPU.ActiveCfg = Debug|Any CPU
		{6CD27974-7262-4059-8EB6-1F8BF136E269}.Debug|Any CPU.Build.0 = Debug|Any CPU
		{6CD27974-7262-4059-8EB6-1F8BF136E269}.Release|Any CPU.ActiveCfg = Release|Any CPU
		{6CD27974-7262-4059-8EB6-1F8BF136E269}.Release|Any CPU.Build.0 = Release|Any CPU
	EndGlobalSection
	GlobalSection(SolutionProperties) = preSolution
		HideSolutionNode = FALSE
	EndGlobalSection
	GlobalSection(ExtensibilityGlobals) = postSolution
		SolutionGuid = {A8E3542F-E592-4DDE-B25E-6F434BCD1BB6}
	EndGlobalSection
EndGlobal
